
Microsoft Visual Studio Solution File, Format Version 12.00
# Visual Studio Version 17
VisualStudioVersion = 17.3.32825.248
MinimumVisualStudioVersion = 10.0.40219.1
Project("{FAE04EC0-301F-11D3-BF4B-00C04F79EFBC}") = "ChatService", "ChatService\ChatService.csproj", "{AB3852A7-D328-4611-BB1C-007A2FF70C15}"
EndProject
Project("{FAE04EC0-301F-11D3-BF4B-00C04F79EFBC}") = "ChatClient", "ChatClient\ChatClient.csproj", "{76CA8E01-3CDE-431B-89E7-B41C1B187D05}"
EndProject
Global
	GlobalSection(SolutionConfigurationPlatforms) = preSolution
		Debug|Any CPU = Debug|Any CPU
		Release|Any CPU = Release|Any CPU
	EndGlobalSection
	GlobalSection(ProjectConfigurationPlatforms) = postSolution
		{AB3852A7-D328-4611-BB1C-007A2FF70C15}.Debug|Any CPU.ActiveCfg = Debug|Any CPU
		{AB3852A7-D328-4611-BB1C-007A2FF70C15}.Debug|Any CPU.Build.0 = Debug|Any CPU
		{AB3852A7-D328-4611-BB1C-007A2FF70C15}.Release|Any CPU.ActiveCfg = Release|Any CPU
		{AB3852A7-D328-4611-BB1C-007A2FF70C15}.Release|Any CPU.Build.0 = Release|Any CPU
		{76CA8E01-3CDE-431B-89E7-B41C1B187D05}.Debug|Any CPU.ActiveCfg = Debug|Any CPU
		{76CA8E01-3CDE-431B-89E7-B41C1B187D05}.Debug|Any CPU.Build.0 = Debug|Any CPU
		{76CA8E01-3CDE-431B-89E7-B41C1B187D05}.Release|Any CPU.ActiveCfg = Release|Any CPU
		{76CA8E01-3CDE-431B-89E7-B41C1B187D05}.Release|Any CPU.Build.0 = Release|Any CPU
	EndGlobalSection
	GlobalSection(SolutionProperties) = preSolution
		HideSolutionNode = FALSE
	EndGlobalSection
	GlobalSection(ExtensibilityGlobals) = postSolution
		SolutionGuid = {F3D99E48-E769-4049-9DA3-6B472532B3A7}
	EndGlobalSection
EndGlobal
