
Microsoft Visual Studio Solution File, Format Version 12.00
# Visual Studio Version 17
VisualStudioVersion = 17.3.32825.248
MinimumVisualStudioVersion = 10.0.40219.1
Project("{FAE04EC0-301F-11D3-BF4B-00C04F79EFBC}") = "LibraryService", "LibraryService\LibraryService.csproj", "{ABBB3571-224E-4CCF-86BD-5E531497381F}"
EndProject
Project("{FAE04EC0-301F-11D3-BF4B-00C04F79EFBC}") = "LibraryService.WebClient", "LibraryService.WebClient\LibraryService.WebClient.csproj", "{31E23BC3-B391-45BF-AC5A-8F5D5DCB6F02}"
EndProject
Global
	GlobalSection(SolutionConfigurationPlatforms) = preSolution
		Debug|Any CPU = Debug|Any CPU
		Release|Any CPU = Release|Any CPU
	EndGlobalSection
	GlobalSection(ProjectConfigurationPlatforms) = postSolution
		{ABBB3571-224E-4CCF-86BD-5E531497381F}.Debug|Any CPU.ActiveCfg = Debug|Any CPU
		{ABBB3571-224E-4CCF-86BD-5E531497381F}.Debug|Any CPU.Build.0 = Debug|Any CPU
		{ABBB3571-224E-4CCF-86BD-5E531497381F}.Release|Any CPU.ActiveCfg = Release|Any CPU
		{ABBB3571-224E-4CCF-86BD-5E531497381F}.Release|Any CPU.Build.0 = Release|Any CPU
		{31E23BC3-B391-45BF-AC5A-8F5D5DCB6F02}.Debug|Any CPU.ActiveCfg = Debug|Any CPU
		{31E23BC3-B391-45BF-AC5A-8F5D5DCB6F02}.Debug|Any CPU.Build.0 = Debug|Any CPU
		{31E23BC3-B391-45BF-AC5A-8F5D5DCB6F02}.Release|Any CPU.ActiveCfg = Release|Any CPU
		{31E23BC3-B391-45BF-AC5A-8F5D5DCB6F02}.Release|Any CPU.Build.0 = Release|Any CPU
	EndGlobalSection
	GlobalSection(SolutionProperties) = preSolution
		HideSolutionNode = FALSE
	EndGlobalSection
	GlobalSection(ExtensibilityGlobals) = postSolution
		SolutionGuid = {85BE3D17-B14E-4B57-9CC3-EFE4A1EE1249}
	EndGlobalSection
EndGlobal
