
Microsoft Visual Studio Solution File, Format Version 12.00
# Visual Studio Version 17
VisualStudioVersion = 17.3.32825.248
MinimumVisualStudioVersion = 10.0.40219.1
Project("{FAE04EC0-301F-11D3-BF4B-00C04F79EFBC}") = "ExecutionService", "ExecutionService\ExecutionService.csproj", "{64A6F18E-A366-46B0-9795-2E40953884D2}"
EndProject
Project("{FAE04EC0-301F-11D3-BF4B-00C04F79EFBC}") = "ExecutionClient", "ExecutionClient\ExecutionClient.csproj", "{0D9A8643-9594-442A-A7D8-87128FC12593}"
	ProjectSection(ProjectDependencies) = postProject
		{64A6F18E-A366-46B0-9795-2E40953884D2} = {64A6F18E-A366-46B0-9795-2E40953884D2}
	EndProjectSection
EndProject
Global
	GlobalSection(SolutionConfigurationPlatforms) = preSolution
		Debug|Any CPU = Debug|Any CPU
		Release|Any CPU = Release|Any CPU
	EndGlobalSection
	GlobalSection(ProjectConfigurationPlatforms) = postSolution
		{64A6F18E-A366-46B0-9795-2E40953884D2}.Debug|Any CPU.ActiveCfg = Debug|Any CPU
		{64A6F18E-A366-46B0-9795-2E40953884D2}.Debug|Any CPU.Build.0 = Debug|Any CPU
		{64A6F18E-A366-46B0-9795-2E40953884D2}.Release|Any CPU.ActiveCfg = Release|Any CPU
		{64A6F18E-A366-46B0-9795-2E40953884D2}.Release|Any CPU.Build.0 = Release|Any CPU
		{0D9A8643-9594-442A-A7D8-87128FC12593}.Debug|Any CPU.ActiveCfg = Debug|Any CPU
		{0D9A8643-9594-442A-A7D8-87128FC12593}.Debug|Any CPU.Build.0 = Debug|Any CPU
		{0D9A8643-9594-442A-A7D8-87128FC12593}.Release|Any CPU.ActiveCfg = Release|Any CPU
		{0D9A8643-9594-442A-A7D8-87128FC12593}.Release|Any CPU.Build.0 = Release|Any CPU
	EndGlobalSection
	GlobalSection(SolutionProperties) = preSolution
		HideSolutionNode = FALSE
	EndGlobalSection
	GlobalSection(ExtensibilityGlobals) = postSolution
		SolutionGuid = {4D50C4DD-02BD-494F-8DA0-DD98075A40EF}
	EndGlobalSection
EndGlobal
